// !$*UTF8*$!
{
	archiveVersion = 1;
	classes = {
	};
	objectVersion = 46;
	objects = {

/* Begin PBXBuildFile section */
		3F048DEA1DE4A1CE0024DE35 /* Assets.xcassets in Resources */ = {isa = PBXBuildFile; fileRef = 3F048DE91DE4A1CE0024DE35 /* Assets.xcassets */; };
		3F0C324D1DEC7BDC00924CC3 /* NameViewController.swift in Sources */ = {isa = PBXBuildFile; fileRef = 3F0C324C1DEC7BDC00924CC3 /* NameViewController.swift */; };
		3F0C324F1DEC7BF200924CC3 /* ListViewController.swift in Sources */ = {isa = PBXBuildFile; fileRef = 3F0C324E1DEC7BF200924CC3 /* ListViewController.swift */; };
		3F0C32531DEC7EB900924CC3 /* Person.swift in Sources */ = {isa = PBXBuildFile; fileRef = 3F0C32521DEC7EB900924CC3 /* Person.swift */; };
		3F0C32551DEC7EEA00924CC3 /* Item.swift in Sources */ = {isa = PBXBuildFile; fileRef = 3F0C32541DEC7EEA00924CC3 /* Item.swift */; };
		3F542F891DE34B8700088955 /* AppDelegate.swift in Sources */ = {isa = PBXBuildFile; fileRef = 3F542F881DE34B8700088955 /* AppDelegate.swift */; };
		3F542F8B1DE34B8700088955 /* ViewController.swift in Sources */ = {isa = PBXBuildFile; fileRef = 3F542F8A1DE34B8700088955 /* ViewController.swift */; };
		3F542F8E1DE34B8800088955 /* Main.storyboard in Resources */ = {isa = PBXBuildFile; fileRef = 3F542F8C1DE34B8800088955 /* Main.storyboard */; };
		3F542F931DE34B8800088955 /* LaunchScreen.storyboard in Resources */ = {isa = PBXBuildFile; fileRef = 3F542F911DE34B8800088955 /* LaunchScreen.storyboard */; };
		3F542F9E1DE34B8800088955 /* To_Do_ListTests.swift in Sources */ = {isa = PBXBuildFile; fileRef = 3F542F9D1DE34B8800088955 /* To_Do_ListTests.swift */; };
		3F542FA91DE34B8800088955 /* To_Do_ListUITests.swift in Sources */ = {isa = PBXBuildFile; fileRef = 3F542FA81DE34B8800088955 /* To_Do_ListUITests.swift */; };
/* End PBXBuildFile section */

/* Begin PBXContainerItemProxy section */
		3F542F9A1DE34B8800088955 /* PBXContainerItemProxy */ = {
			isa = PBXContainerItemProxy;
			containerPortal = 3F542F7D1DE34B8700088955 /* Project object */;
			proxyType = 1;
			remoteGlobalIDString = 3F542F841DE34B8700088955;
			remoteInfo = "To Do List";
		};
		3F542FA51DE34B8800088955 /* PBXContainerItemProxy */ = {
			isa = PBXContainerItemProxy;
			containerPortal = 3F542F7D1DE34B8700088955 /* Project object */;
			proxyType = 1;
			remoteGlobalIDString = 3F542F841DE34B8700088955;
			remoteInfo = "To Do List";
		};
/* End PBXContainerItemProxy section */

/* Begin PBXFileReference section */
		3F048DE91DE4A1CE0024DE35 /* Assets.xcassets */ = {isa = PBXFileReference; lastKnownFileType = folder.assetcatalog; path = Assets.xcassets; sourceTree = "<group>"; };
		3F0C324C1DEC7BDC00924CC3 /* NameViewController.swift */ = {isa = PBXFileReference; fileEncoding = 4; lastKnownFileType = sourcecode.swift; path = NameViewController.swift; sourceTree = "<group>"; };
		3F0C324E1DEC7BF200924CC3 /* ListViewController.swift */ = {isa = PBXFileReference; fileEncoding = 4; lastKnownFileType = sourcecode.swift; path = ListViewController.swift; sourceTree = "<group>"; };
		3F0C32521DEC7EB900924CC3 /* Person.swift */ = {isa = PBXFileReference; fileEncoding = 4; lastKnownFileType = sourcecode.swift; path = Person.swift; sourceTree = "<group>"; };
		3F0C32541DEC7EEA00924CC3 /* Item.swift */ = {isa = PBXFileReference; fileEncoding = 4; lastKnownFileType = sourcecode.swift; path = Item.swift; sourceTree = "<group>"; };
		3F542F851DE34B8700088955 /* To Do List.app */ = {isa = PBXFileReference; explicitFileType = wrapper.application; includeInIndex = 0; path = "To Do List.app"; sourceTree = BUILT_PRODUCTS_DIR; };
		3F542F881DE34B8700088955 /* AppDelegate.swift */ = {isa = PBXFileReference; lastKnownFileType = sourcecode.swift; path = AppDelegate.swift; sourceTree = "<group>"; };
		3F542F8A1DE34B8700088955 /* ViewController.swift */ = {isa = PBXFileReference; lastKnownFileType = sourcecode.swift; path = ViewController.swift; sourceTree = "<group>"; };
		3F542F8D1DE34B8800088955 /* Base */ = {isa = PBXFileReference; lastKnownFileType = file.storyboard; name = Base; path = Base.lproj/Main.storyboard; sourceTree = "<group>"; };
		3F542F921DE34B8800088955 /* Base */ = {isa = PBXFileReference; lastKnownFileType = file.storyboard; name = Base; path = Base.lproj/LaunchScreen.storyboard; sourceTree = "<group>"; };
		3F542F941DE34B8800088955 /* Info.plist */ = {isa = PBXFileReference; lastKnownFileType = text.plist.xml; path = Info.plist; sourceTree = "<group>"; };
		3F542F991DE34B8800088955 /* To Do ListTests.xctest */ = {isa = PBXFileReference; explicitFileType = wrapper.cfbundle; includeInIndex = 0; path = "To Do ListTests.xctest"; sourceTree = BUILT_PRODUCTS_DIR; };
		3F542F9D1DE34B8800088955 /* To_Do_ListTests.swift */ = {isa = PBXFileReference; lastKnownFileType = sourcecode.swift; path = To_Do_ListTests.swift; sourceTree = "<group>"; };
		3F542F9F1DE34B8800088955 /* Info.plist */ = {isa = PBXFileReference; lastKnownFileType = text.plist.xml; path = Info.plist; sourceTree = "<group>"; };
		3F542FA41DE34B8800088955 /* To Do ListUITests.xctest */ = {isa = PBXFileReference; explicitFileType = wrapper.cfbundle; includeInIndex = 0; path = "To Do ListUITests.xctest"; sourceTree = BUILT_PRODUCTS_DIR; };
		3F542FA81DE34B8800088955 /* To_Do_ListUITests.swift */ = {isa = PBXFileReference; lastKnownFileType = sourcecode.swift; path = To_Do_ListUITests.swift; sourceTree = "<group>"; };
		3F542FAA1DE34B8800088955 /* Info.plist */ = {isa = PBXFileReference; lastKnownFileType = text.plist.xml; path = Info.plist; sourceTree = "<group>"; };
/* End PBXFileReference section */

/* Begin PBXFrameworksBuildPhase section */
		3F542F821DE34B8700088955 /* Frameworks */ = {
			isa = PBXFrameworksBuildPhase;
			buildActionMask = 2147483647;
			files = (
			);
			runOnlyForDeploymentPostprocessing = 0;
		};
		3F542F961DE34B8800088955 /* Frameworks */ = {
			isa = PBXFrameworksBuildPhase;
			buildActionMask = 2147483647;
			files = (
			);
			runOnlyForDeploymentPostprocessing = 0;
		};
		3F542FA11DE34B8800088955 /* Frameworks */ = {
			isa = PBXFrameworksBuildPhase;
			buildActionMask = 2147483647;
			files = (
			);
			runOnlyForDeploymentPostprocessing = 0;
		};
/* End PBXFrameworksBuildPhase section */

/* Begin PBXGroup section */
		3F542F7C1DE34B8700088955 = {
			isa = PBXGroup;
			children = (
				3F542F871DE34B8700088955 /* To Do List */,
				3F542F9C1DE34B8800088955 /* To Do ListTests */,
				3F542FA71DE34B8800088955 /* To Do ListUITests */,
				3F542F861DE34B8700088955 /* Products */,
			);
			sourceTree = "<group>";
		};
		3F542F861DE34B8700088955 /* Products */ = {
			isa = PBXGroup;
			children = (
				3F542F851DE34B8700088955 /* To Do List.app */,
				3F542F991DE34B8800088955 /* To Do ListTests.xctest */,
				3F542FA41DE34B8800088955 /* To Do ListUITests.xctest */,
			);
			name = Products;
			sourceTree = "<group>";
		};
		3F542F871DE34B8700088955 /* To Do List */ = {
			isa = PBXGroup;
			children = (
				3F542F881DE34B8700088955 /* AppDelegate.swift */,
				3F542F8A1DE34B8700088955 /* ViewController.swift */,
				3F0C324C1DEC7BDC00924CC3 /* NameViewController.swift */,
				3F0C324E1DEC7BF200924CC3 /* ListViewController.swift */,
				3F0C32521DEC7EB900924CC3 /* Person.swift */,
				3F0C32541DEC7EEA00924CC3 /* Item.swift */,
				3F542F8C1DE34B8800088955 /* Main.storyboard */,
				3F048DE91DE4A1CE0024DE35 /* Assets.xcassets */,
				3F542F911DE34B8800088955 /* LaunchScreen.storyboard */,
				3F542F941DE34B8800088955 /* Info.plist */,
			);
			path = "To Do List";
			sourceTree = "<group>";
		};
		3F542F9C1DE34B8800088955 /* To Do ListTests */ = {
			isa = PBXGroup;
			children = (
				3F542F9D1DE34B8800088955 /* To_Do_ListTests.swift */,
				3F542F9F1DE34B8800088955 /* Info.plist */,
			);
			path = "To Do ListTests";
			sourceTree = "<group>";
		};
		3F542FA71DE34B8800088955 /* To Do ListUITests */ = {
			isa = PBXGroup;
			children = (
				3F542FA81DE34B8800088955 /* To_Do_ListUITests.swift */,
				3F542FAA1DE34B8800088955 /* Info.plist */,
			);
			path = "To Do ListUITests";
			sourceTree = "<group>";
		};
/* End PBXGroup section */

/* Begin PBXNativeTarget section */
		3F542F841DE34B8700088955 /* To Do List */ = {
			isa = PBXNativeTarget;
			buildConfigurationList = 3F542FAD1DE34B8800088955 /* Build configuration list for PBXNativeTarget "To Do List" */;
			buildPhases = (
				3F542F811DE34B8700088955 /* Sources */,
				3F542F821DE34B8700088955 /* Frameworks */,
				3F542F831DE34B8700088955 /* Resources */,
			);
			buildRules = (
			);
			dependencies = (
			);
			name = "To Do List";
			productName = "To Do List";
			productReference = 3F542F851DE34B8700088955 /* To Do List.app */;
			productType = "com.apple.product-type.application";
		};
		3F542F981DE34B8800088955 /* To Do ListTests */ = {
			isa = PBXNativeTarget;
			buildConfigurationList = 3F542FB01DE34B8800088955 /* Build configuration list for PBXNativeTarget "To Do ListTests" */;
			buildPhases = (
				3F542F951DE34B8800088955 /* Sources */,
				3F542F961DE34B8800088955 /* Frameworks */,
				3F542F971DE34B8800088955 /* Resources */,
			);
			buildRules = (
			);
			dependencies = (
				3F542F9B1DE34B8800088955 /* PBXTargetDependency */,
			);
			name = "To Do ListTests";
			productName = "To Do ListTests";
			productReference = 3F542F991DE34B8800088955 /* To Do ListTests.xctest */;
			productType = "com.apple.product-type.bundle.unit-test";
		};
		3F542FA31DE34B8800088955 /* To Do ListUITests */ = {
			isa = PBXNativeTarget;
			buildConfigurationList = 3F542FB31DE34B8800088955 /* Build configuration list for PBXNativeTarget "To Do ListUITests" */;
			buildPhases = (
				3F542FA01DE34B8800088955 /* Sources */,
				3F542FA11DE34B8800088955 /* Frameworks */,
				3F542FA21DE34B8800088955 /* Resources */,
			);
			buildRules = (
			);
			dependencies = (
				3F542FA61DE34B8800088955 /* PBXTargetDependency */,
			);
			name = "To Do ListUITests";
			productName = "To Do ListUITests";
			productReference = 3F542FA41DE34B8800088955 /* To Do ListUITests.xctest */;
			productType = "com.apple.product-type.bundle.ui-testing";
		};
/* End PBXNativeTarget section */

/* Begin PBXProject section */
		3F542F7D1DE34B8700088955 /* Project object */ = {
			isa = PBXProject;
			attributes = {
				LastSwiftUpdateCheck = 0810;
				LastUpgradeCheck = 0810;
				ORGANIZATIONNAME = Phammel;
				TargetAttributes = {
					3F542F841DE34B8700088955 = {
						CreatedOnToolsVersion = 8.1;
						ProvisioningStyle = Automatic;
					};
					3F542F981DE34B8800088955 = {
						CreatedOnToolsVersion = 8.1;
						ProvisioningStyle = Automatic;
						TestTargetID = 3F542F841DE34B8700088955;
					};
					3F542FA31DE34B8800088955 = {
						CreatedOnToolsVersion = 8.1;
						ProvisioningStyle = Automatic;
						TestTargetID = 3F542F841DE34B8700088955;
					};
				};
			};
			buildConfigurationList = 3F542F801DE34B8700088955 /* Build configuration list for PBXProject "To Do List" */;
			compatibilityVersion = "Xcode 3.2";
			developmentRegion = English;
			hasScannedForEncodings = 0;
			knownRegions = (
				en,
				Base,
			);
			mainGroup = 3F542F7C1DE34B8700088955;
			productRefGroup = 3F542F861DE34B8700088955 /* Products */;
			projectDirPath = "";
			projectRoot = "";
			targets = (
				3F542F841DE34B8700088955 /* To Do List */,
				3F542F981DE34B8800088955 /* To Do ListTests */,
				3F542FA31DE34B8800088955 /* To Do ListUITests */,
			);
		};
/* End PBXProject section */

/* Begin PBXResourcesBuildPhase section */
		3F542F831DE34B8700088955 /* Resources */ = {
			isa = PBXResourcesBuildPhase;
			buildActionMask = 2147483647;
			files = (
				3F542F931DE34B8800088955 /* LaunchScreen.storyboard in Resources */,
				3F048DEA1DE4A1CE0024DE35 /* Assets.xcassets in Resources */,
				3F542F8E1DE34B8800088955 /* Main.storyboard in Resources */,
			);
			runOnlyForDeploymentPostprocessing = 0;
		};
		3F542F971DE34B8800088955 /* Resources */ = {
			isa = PBXResourcesBuildPhase;
			buildActionMask = 2147483647;
			files = (
			);
			runOnlyForDeploymentPostprocessing = 0;
		};
		3F542FA21DE34B8800088955 /* Resources */ = {
			isa = PBXResourcesBuildPhase;
			buildActionMask = 2147483647;
			files = (
			);
			runOnlyForDeploymentPostprocessing = 0;
		};
/* End PBXResourcesBuildPhase section */

/* Begin PBXSourcesBuildPhase section */
		3F542F811DE34B8700088955 /* Sources */ = {
			isa = PBXSourcesBuildPhase;
			buildActionMask = 2147483647;
			files = (
				3F0C32531DEC7EB900924CC3 /* Person.swift in Sources */,
				3F542F8B1DE34B8700088955 /* ViewController.swift in Sources */,
				3F542F891DE34B8700088955 /* AppDelegate.swift in Sources */,
				3F0C32551DEC7EEA00924CC3 /* Item.swift in Sources */,
				3F0C324F1DEC7BF200924CC3 /* ListViewController.swift in Sources */,
				3F0C324D1DEC7BDC00924CC3 /* NameViewController.swift in Sources */,
			);
			runOnlyForDeploymentPostprocessing = 0;
		};
		3F542F951DE34B8800088955 /* Sources */ = {
			isa = PBXSourcesBuildPhase;
			buildActionMask = 2147483647;
			files = (
				3F542F9E1DE34B8800088955 /* To_Do_ListTests.swift in Sources */,
			);
			runOnlyForDeploymentPostprocessing = 0;
		};
		3F542FA01DE34B8800088955 /* Sources */ = {
			isa = PBXSourcesBuildPhase;
			buildActionMask = 2147483647;
			files = (
				3F542FA91DE34B8800088955 /* To_Do_ListUITests.swift in Sources */,
			);
			runOnlyForDeploymentPostprocessing = 0;
		};
/* End PBXSourcesBuildPhase section */

/* Begin PBXTargetDependency section */
		3F542F9B1DE34B8800088955 /* PBXTargetDependency */ = {
			isa = PBXTargetDependency;
			target = 3F542F841DE34B8700088955 /* To Do List */;
			targetProxy = 3F542F9A1DE34B8800088955 /* PBXContainerItemProxy */;
		};
		3F542FA61DE34B8800088955 /* PBXTargetDependency */ = {
			isa = PBXTargetDependency;
			target = 3F542F841DE34B8700088955 /* To Do List */;
			targetProxy = 3F542FA51DE34B8800088955 /* PBXContainerItemProxy */;
		};
/* End PBXTargetDependency section */

/* Begin PBXVariantGroup section */
		3F542F8C1DE34B8800088955 /* Main.storyboard */ = {
			isa = PBXVariantGroup;
			children = (
				3F542F8D1DE34B8800088955 /* Base */,
			);
			name = Main.storyboard;
			sourceTree = "<group>";
		};
		3F542F911DE34B8800088955 /* LaunchScreen.storyboard */ = {
			isa = PBXVariantGroup;
			children = (
				3F542F921DE34B8800088955 /* Base */,
			);
			name = LaunchScreen.storyboard;
			sourceTree = "<group>";
		};
/* End PBXVariantGroup section */

/* Begin XCBuildConfiguration section */
		3F542FAB1DE34B8800088955 /* Debug */ = {
			isa = XCBuildConfiguration;
			buildSettings = {
				ALWAYS_SEARCH_USER_PATHS = NO;
				CLANG_ANALYZER_NONNULL = YES;
				CLANG_CXX_LANGUAGE_STANDARD = "gnu++0x";
				CLANG_CXX_LIBRARY = "libc++";
				CLANG_ENABLE_MODULES = YES;
				CLANG_ENABLE_OBJC_ARC = YES;
				CLANG_WARN_BOOL_CONVERSION = YES;
				CLANG_WARN_CONSTANT_CONVERSION = YES;
				CLANG_WARN_DIRECT_OBJC_ISA_USAGE = YES_ERROR;
				CLANG_WARN_DOCUMENTATION_COMMENTS = YES;
				CLANG_WARN_EMPTY_BODY = YES;
				CLANG_WARN_ENUM_CONVERSION = YES;
				CLANG_WARN_INFINITE_RECURSION = YES;
				CLANG_WARN_INT_CONVERSION = YES;
				CLANG_WARN_OBJC_ROOT_CLASS = YES_ERROR;
				CLANG_WARN_SUSPICIOUS_MOVES = YES;
				CLANG_WARN_UNREACHABLE_CODE = YES;
				CLANG_WARN__DUPLICATE_METHOD_MATCH = YES;
				"CODE_SIGN_IDENTITY[sdk=iphoneos*]" = "iPhone Developer";
				COPY_PHASE_STRIP = NO;
				DEBUG_INFORMATION_FORMAT = dwarf;
				ENABLE_STRICT_OBJC_MSGSEND = YES;
				ENABLE_TESTABILITY = YES;
				GCC_C_LANGUAGE_STANDARD = gnu99;
				GCC_DYNAMIC_NO_PIC = NO;
				GCC_NO_COMMON_BLOCKS = YES;
				GCC_OPTIMIZATION_LEVEL = 0;
				GCC_PREPROCESSOR_DEFINITIONS = (
					"DEBUG=1",
					"$(inherited)",
				);
				GCC_WARN_64_TO_32_BIT_CONVERSION = YES;
				GCC_WARN_ABOUT_RETURN_TYPE = YES_ERROR;
				GCC_WARN_UNDECLARED_SELECTOR = YES;
				GCC_WARN_UNINITIALIZED_AUTOS = YES_AGGRESSIVE;
				GCC_WARN_UNUSED_FUNCTION = YES;
				GCC_WARN_UNUSED_VARIABLE = YES;
				IPHONEOS_DEPLOYMENT_TARGET = 10.1;
				MTL_ENABLE_DEBUG_INFO = YES;
				ONLY_ACTIVE_ARCH = YES;
				SDKROOT = iphoneos;
				SWIFT_ACTIVE_COMPILATION_CONDITIONS = DEBUG;
				SWIFT_OPTIMIZATION_LEVEL = "-Onone";
				TARGETED_DEVICE_FAMILY = "1,2";
			};
			name = Debug;
		};
		3F542FAC1DE34B8800088955 /* Release */ = {
			isa = XCBuildConfiguration;
			buildSettings = {
				ALWAYS_SEARCH_USER_PATHS = NO;
				CLANG_ANALYZER_NONNULL = YES;
				CLANG_CXX_LANGUAGE_STANDARD = "gnu++0x";
				CLANG_CXX_LIBRARY = "libc++";
				CLANG_ENABLE_MODULES = YES;
				CLANG_ENABLE_OBJC_ARC = YES;
				CLANG_WARN_BOOL_CONVERSION = YES;
				CLANG_WARN_CONSTANT_CONVERSION = YES;
				CLANG_WARN_DIRECT_OBJC_ISA_USAGE = YES_ERROR;
				CLANG_WARN_DOCUMENTATION_COMMENTS = YES;
				CLANG_WARN_EMPTY_BODY = YES;
				CLANG_WARN_ENUM_CONVERSION = YES;
				CLANG_WARN_INFINITE_RECURSION = YES;
				CLANG_WARN_INT_CONVERSION = YES;
				CLANG_WARN_OBJC_ROOT_CLASS = YES_ERROR;
				CLANG_WARN_SUSPICIOUS_MOVES = YES;
				CLANG_WARN_UNREACHABLE_CODE = YES;
				CLANG_WARN__DUPLICATE_METHOD_MATCH = YES;
				"CODE_SIGN_IDENTITY[sdk=iphoneos*]" = "iPhone Developer";
				COPY_PHASE_STRIP = NO;
				DEBUG_INFORMATION_FORMAT = "dwarf-with-dsym";
				ENABLE_NS_ASSERTIONS = NO;
				ENABLE_STRICT_OBJC_MSGSEND = YES;
				GCC_C_LANGUAGE_STANDARD = gnu99;
				GCC_NO_COMMON_BLOCKS = YES;
				GCC_WARN_64_TO_32_BIT_CONVERSION = YES;
				GCC_WARN_ABOUT_RETURN_TYPE = YES_ERROR;
				GCC_WARN_UNDECLARED_SELECTOR = YES;
				GCC_WARN_UNINITIALIZED_AUTOS = YES_AGGRESSIVE;
				GCC_WARN_UNUSED_FUNCTION = YES;
				GCC_WARN_UNUSED_VARIABLE = YES;
				IPHONEOS_DEPLOYMENT_TARGET = 10.1;
				MTL_ENABLE_DEBUG_INFO = NO;
				SDKROOT = iphoneos;
				SWIFT_OPTIMIZATION_LEVEL = "-Owholemodule";
				TARGETED_DEVICE_FAMILY = "1,2";
				VALIDATE_PRODUCT = YES;
			};
			name = Release;
		};
		3F542FAE1DE34B8800088955 /* Debug */ = {
			isa = XCBuildConfiguration;
			buildSettings = {
				ASSETCATALOG_COMPILER_APPICON_NAME = AppIcon;
				INFOPLIST_FILE = "To Do List/Info.plist";
				LD_RUNPATH_SEARCH_PATHS = "$(inherited) @executable_path/Frameworks";
				PRODUCT_BUNDLE_IDENTIFIER = "Phammel.To-Do-List";
				PRODUCT_NAME = "$(TARGET_NAME)";
				SWIFT_VERSION = 3.0;
			};
			name = Debug;
		};
		3F542FAF1DE34B8800088955 /* Release */ = {
			isa = XCBuildConfiguration;
			buildSettings = {
				ASSETCATALOG_COMPILER_APPICON_NAME = AppIcon;
				INFOPLIST_FILE = "To Do List/Info.plist";
				LD_RUNPATH_SEARCH_PATHS = "$(inherited) @executable_path/Frameworks";
				PRODUCT_BUNDLE_IDENTIFIER = "Phammel.To-Do-List";
				PRODUCT_NAME = "$(TARGET_NAME)";
				SWIFT_VERSION = 3.0;
			};
			name = Release;
		};
		3F542FB11DE34B8800088955 /* Debug */ = {
			isa = XCBuildConfiguration;
			buildSettings = {
				ALWAYS_EMBED_SWIFT_STANDARD_LIBRARIES = YES;
				BUNDLE_LOADER = "$(TEST_HOST)";
				INFOPLIST_FILE = "To Do ListTests/Info.plist";
				LD_RUNPATH_SEARCH_PATHS = "$(inherited) @executable_path/Frameworks @loader_path/Frameworks";
				PRODUCT_BUNDLE_IDENTIFIER = "Phammel.To-Do-ListTests";
				PRODUCT_NAME = "$(TARGET_NAME)";
				SWIFT_VERSION = 3.0;
				TEST_HOST = "$(BUILT_PRODUCTS_DIR)/To Do List.app/To Do List";
			};
			name = Debug;
		};
		3F542FB21DE34B8800088955 /* Release */ = {
			isa = XCBuildConfiguration;
			buildSettings = {
				ALWAYS_EMBED_SWIFT_STANDARD_LIBRARIES = YES;
				BUNDLE_LOADER = "$(TEST_HOST)";
				INFOPLIST_FILE = "To Do ListTests/Info.plist";
				LD_RUNPATH_SEARCH_PATHS = "$(inherited) @executable_path/Frameworks @loader_path/Frameworks";
				PRODUCT_BUNDLE_IDENTIFIER = "Phammel.To-Do-ListTests";
				PRODUCT_NAME = "$(TARGET_NAME)";
				SWIFT_VERSION = 3.0;
				TEST_HOST = "$(BUILT_PRODUCTS_DIR)/To Do List.app/To Do List";
			};
			name = Release;
		};
		3F542FB41DE34B8800088955 /* Debug */ = {
			isa = XCBuildConfiguration;
			buildSettings = {
				ALWAYS_EMBED_SWIFT_STANDARD_LIBRARIES = YES;
				INFOPLIST_FILE = "To Do ListUITests/Info.plist";
				LD_RUNPATH_SEARCH_PATHS = "$(inherited) @executable_path/Frameworks @loader_path/Frameworks";
				PRODUCT_BUNDLE_IDENTIFIER = "Phammel.To-Do-ListUITests";
				PRODUCT_NAME = "$(TARGET_NAME)";
				SWIFT_VERSION = 3.0;
				TEST_TARGET_NAME = "To Do List";
			};
			name = Debug;
		};
		3F542FB51DE34B8800088955 /* Release */ = {
			isa = XCBuildConfiguration;
			buildSettings = {
				ALWAYS_EMBED_SWIFT_STANDARD_LIBRARIES = YES;
				INFOPLIST_FILE = "To Do ListUITests/Info.plist";
				LD_RUNPATH_SEARCH_PATHS = "$(inherited) @executable_path/Frameworks @loader_path/Frameworks";
				PRODUCT_BUNDLE_IDENTIFIER = "Phammel.To-Do-ListUITests";
				PRODUCT_NAME = "$(TARGET_NAME)";
				SWIFT_VERSION = 3.0;
				TEST_TARGET_NAME = "To Do List";
			};
			name = Release;
		};
/* End XCBuildConfiguration section */

/* Begin XCConfigurationList section */
		3F542F801DE34B8700088955 /* Build configuration list for PBXProject "To Do List" */ = {
			isa = XCConfigurationList;
			buildConfigurations = (
				3F542FAB1DE34B8800088955 /* Debug */,
				3F542FAC1DE34B8800088955 /* Release */,
			);
			defaultConfigurationIsVisible = 0;
			defaultConfigurationName = Release;
		};
		3F542FAD1DE34B8800088955 /* Build configuration list for PBXNativeTarget "To Do List" */ = {
			isa = XCConfigurationList;
			buildConfigurations = (
				3F542FAE1DE34B8800088955 /* Debug */,
				3F542FAF1DE34B8800088955 /* Release */,
			);
			defaultConfigurationIsVisible = 0;
			defaultConfigurationName = Release;
		};
		3F542FB01DE34B8800088955 /* Build configuration list for PBXNativeTarget "To Do ListTests" */ = {
			isa = XCConfigurationList;
			buildConfigurations = (
				3F542FB11DE34B8800088955 /* Debug */,
				3F542FB21DE34B8800088955 /* Release */,
			);
			defaultConfigurationIsVisible = 0;
			defaultConfigurationName = Release;
		};
		3F542FB31DE34B8800088955 /* Build configuration list for PBXNativeTarget "To Do ListUITests" */ = {
			isa = XCConfigurationList;
			buildConfigurations = (
				3F542FB41DE34B8800088955 /* Debug */,
				3F542FB51DE34B8800088955 /* Release */,
			);
			defaultConfigurationIsVisible = 0;
			defaultConfigurationName = Release;
		};
/* End XCConfigurationList section */
	};
	rootObject = 3F542F7D1DE34B8700088955 /* Project object */;
}
